
Microsoft Visual Studio Solution File, Format Version 12.00
# Visual Studio Version 17
VisualStudioVersion = 17.10.34928.147
MinimumVisualStudioVersion = 10.0.40219.1
Project("{2150E333-8FDC-42A3-9474-1A3956D46DE8}") = "src", "src", "{5CB33249-C175-4179-9CF3-1E00E98DA5E5}"
EndProject
Project("{2150E333-8FDC-42A3-9474-1A3956D46DE8}") = "test", "test", "{9715B752-840D-4354-85B8-F88CBC370F48}"
EndProject
Project("{2150E333-8FDC-42A3-9474-1A3956D46DE8}") = "1 - Presentation", "1 - Presentation", "{A410F8E0-F273-4907-A58D-D2E226F98FE0}"
EndProject
Project("{2150E333-8FDC-42A3-9474-1A3956D46DE8}") = "2 - Application", "2 - Application", "{FE8F15F0-AB9D-46BA-BD57-F7A3F8A50D55}"
EndProject
Project("{2150E333-8FDC-42A3-9474-1A3956D46DE8}") = "3 - Domain", "3 - Domain", "{B15C7B84-BB01-4C14-938F-3C29EAC979E7}"
EndProject
Project("{2150E333-8FDC-42A3-9474-1A3956D46DE8}") = "4 - Infrastructure", "4 - Infrastructure", "{A3775D2F-336D-4CDD-AE96-F6C71F0A03FA}"
EndProject
Project("{FAE04EC0-301F-11D3-BF4B-00C04F79EFBC}") = "StockChat.API", "StockChat.API\StockChat.API.csproj", "{EEEE9588-ED6E-4E8E-A1A1-C2A1A1564491}"
EndProject
Project("{FAE04EC0-301F-11D3-BF4B-00C04F79EFBC}") = "StockChat.Application", "StockChat.Application\StockChat.Application.csproj", "{8D4D8AF7-35B7-48DC-8D48-CC8AB43E100C}"
EndProject
Project("{FAE04EC0-301F-11D3-BF4B-00C04F79EFBC}") = "StockChat.Domain", "StockChat.Domain\StockChat.Domain.csproj", "{74C22E9F-06E1-4CB0-8CF3-1960627B2E1B}"
EndProject
Project("{FAE04EC0-301F-11D3-BF4B-00C04F79EFBC}") = "StockChat.Infrastructure", "StockChat.Infrastructure\StockChat.Infrastructure.csproj", "{EECE9954-A356-49C2-AD08-84E3ED504474}"
EndProject
Project("{E53339B2-1760-4266-BCC7-CA923CBCF16C}") = "docker-compose", "docker-compose.dcproj", "{9C42B146-B584-4E49-B1CC-B8D1E5A2C0FC}"
EndProject
Project("{FAE04EC0-301F-11D3-BF4B-00C04F79EFBC}") = "StockChat.Bot", "StockChat.Bot\StockChat.Bot.csproj", "{9B5A9528-D2B5-414D-9AC6-14644E3AB16D}"
EndProject
Global
	GlobalSection(SolutionConfigurationPlatforms) = preSolution
		Debug|Any CPU = Debug|Any CPU
		Release|Any CPU = Release|Any CPU
	EndGlobalSection
	GlobalSection(ProjectConfigurationPlatforms) = postSolution
		{EEEE9588-ED6E-4E8E-A1A1-C2A1A1564491}.Debug|Any CPU.ActiveCfg = Debug|Any CPU
		{EEEE9588-ED6E-4E8E-A1A1-C2A1A1564491}.Debug|Any CPU.Build.0 = Debug|Any CPU
		{EEEE9588-ED6E-4E8E-A1A1-C2A1A1564491}.Release|Any CPU.ActiveCfg = Release|Any CPU
		{EEEE9588-ED6E-4E8E-A1A1-C2A1A1564491}.Release|Any CPU.Build.0 = Release|Any CPU
		{8D4D8AF7-35B7-48DC-8D48-CC8AB43E100C}.Debug|Any CPU.ActiveCfg = Debug|Any CPU
		{8D4D8AF7-35B7-48DC-8D48-CC8AB43E100C}.Debug|Any CPU.Build.0 = Debug|Any CPU
		{8D4D8AF7-35B7-48DC-8D48-CC8AB43E100C}.Release|Any CPU.ActiveCfg = Release|Any CPU
		{8D4D8AF7-35B7-48DC-8D48-CC8AB43E100C}.Release|Any CPU.Build.0 = Release|Any CPU
		{74C22E9F-06E1-4CB0-8CF3-1960627B2E1B}.Debug|Any CPU.ActiveCfg = Debug|Any CPU
		{74C22E9F-06E1-4CB0-8CF3-1960627B2E1B}.Debug|Any CPU.Build.0 = Debug|Any CPU
		{74C22E9F-06E1-4CB0-8CF3-1960627B2E1B}.Release|Any CPU.ActiveCfg = Release|Any CPU
		{74C22E9F-06E1-4CB0-8CF3-1960627B2E1B}.Release|Any CPU.Build.0 = Release|Any CPU
		{EECE9954-A356-49C2-AD08-84E3ED504474}.Debug|Any CPU.ActiveCfg = Debug|Any CPU
		{EECE9954-A356-49C2-AD08-84E3ED504474}.Debug|Any CPU.Build.0 = Debug|Any CPU
		{EECE9954-A356-49C2-AD08-84E3ED504474}.Release|Any CPU.ActiveCfg = Release|Any CPU
		{EECE9954-A356-49C2-AD08-84E3ED504474}.Release|Any CPU.Build.0 = Release|Any CPU
		{9C42B146-B584-4E49-B1CC-B8D1E5A2C0FC}.Debug|Any CPU.ActiveCfg = Debug|Any CPU
		{9C42B146-B584-4E49-B1CC-B8D1E5A2C0FC}.Debug|Any CPU.Build.0 = Debug|Any CPU
		{9C42B146-B584-4E49-B1CC-B8D1E5A2C0FC}.Release|Any CPU.ActiveCfg = Release|Any CPU
		{9C42B146-B584-4E49-B1CC-B8D1E5A2C0FC}.Release|Any CPU.Build.0 = Release|Any CPU
		{9B5A9528-D2B5-414D-9AC6-14644E3AB16D}.Debug|Any CPU.ActiveCfg = Debug|Any CPU
		{9B5A9528-D2B5-414D-9AC6-14644E3AB16D}.Debug|Any CPU.Build.0 = Debug|Any CPU
		{9B5A9528-D2B5-414D-9AC6-14644E3AB16D}.Release|Any CPU.ActiveCfg = Release|Any CPU
		{9B5A9528-D2B5-414D-9AC6-14644E3AB16D}.Release|Any CPU.Build.0 = Release|Any CPU
	EndGlobalSection
	GlobalSection(SolutionProperties) = preSolution
		HideSolutionNode = FALSE
	EndGlobalSection
	GlobalSection(NestedProjects) = preSolution
		{A410F8E0-F273-4907-A58D-D2E226F98FE0} = {5CB33249-C175-4179-9CF3-1E00E98DA5E5}
		{FE8F15F0-AB9D-46BA-BD57-F7A3F8A50D55} = {5CB33249-C175-4179-9CF3-1E00E98DA5E5}
		{B15C7B84-BB01-4C14-938F-3C29EAC979E7} = {5CB33249-C175-4179-9CF3-1E00E98DA5E5}
		{A3775D2F-336D-4CDD-AE96-F6C71F0A03FA} = {5CB33249-C175-4179-9CF3-1E00E98DA5E5}
		{EEEE9588-ED6E-4E8E-A1A1-C2A1A1564491} = {A410F8E0-F273-4907-A58D-D2E226F98FE0}
		{8D4D8AF7-35B7-48DC-8D48-CC8AB43E100C} = {FE8F15F0-AB9D-46BA-BD57-F7A3F8A50D55}
		{74C22E9F-06E1-4CB0-8CF3-1960627B2E1B} = {B15C7B84-BB01-4C14-938F-3C29EAC979E7}
		{EECE9954-A356-49C2-AD08-84E3ED504474} = {A3775D2F-336D-4CDD-AE96-F6C71F0A03FA}
		{9B5A9528-D2B5-414D-9AC6-14644E3AB16D} = {A3775D2F-336D-4CDD-AE96-F6C71F0A03FA}
	EndGlobalSection
	GlobalSection(ExtensibilityGlobals) = postSolution
		SolutionGuid = {8434874D-FBFA-4C2F-AFC0-26D346848AFB}
	EndGlobalSection
EndGlobal
